
Microsoft Visual Studio Solution File, Format Version 12.00
# Visual Studio Version 16
VisualStudioVersion = 16.0.30907.101
MinimumVisualStudioVersion = 10.0.40219.1
Project("{FAE04EC0-301F-11D3-BF4B-00C04F79EFBC}") = "TransformationTesting", "TransformationTesting\TransformationTesting.csproj", "{8D828ED8-FA84-4EB8-98EE-3C805F61BE65}"
EndProject
Global
	GlobalSection(SolutionConfigurationPlatforms) = preSolution
		Debug|Any CPU = Debug|Any CPU
		Release|Any CPU = Release|Any CPU
	EndGlobalSection
	GlobalSection(ProjectConfigurationPlatforms) = postSolution
		{8D828ED8-FA84-4EB8-98EE-3C805F61BE65}.Debug|Any CPU.ActiveCfg = Debug|Any CPU
		{8D828ED8-FA84-4EB8-98EE-3C805F61BE65}.Debug|Any CPU.Build.0 = Debug|Any CPU
		{8D828ED8-FA84-4EB8-98EE-3C805F61BE65}.Release|Any CPU.ActiveCfg = Release|Any CPU
		{8D828ED8-FA84-4EB8-98EE-3C805F61BE65}.Release|Any CPU.Build.0 = Release|Any CPU
	EndGlobalSection
	GlobalSection(SolutionProperties) = preSolution
		HideSolutionNode = FALSE
	EndGlobalSection
	GlobalSection(ExtensibilityGlobals) = postSolution
		SolutionGuid = {5F7316DD-2029-4A61-9DBC-C93D3B4D0D01}
	EndGlobalSection
EndGlobal
